
Microsoft Visual Studio Solution File, Format Version 12.00
# Visual Studio Version 16
VisualStudioVersion = 16.0.29123.88
MinimumVisualStudioVersion = 10.0.40219.1
Project("{FAE04EC0-301F-11D3-BF4B-00C04F79EFBC}") = "AndroidApp", "AndroidApp\AndroidApp\AndroidApp.csproj", "{55B832EC-E6EA-4128-89BA-FC7807B85E17}"
EndProject
Project("{9A19103F-16F7-4668-BE54-9A1E7A4F7556}") = "NETCoreApp", "NETCoreApp\NETCoreApp.csproj", "{6BB37A6B-B95C-4153-BF03-66C5EC7109DE}"
EndProject
Project("{FAE04EC0-301F-11D3-BF4B-00C04F79EFBC}") = "WinFormsApp", "WinFormsApp\WinFormsApp.csproj", "{8F2D8B77-84E2-4563-A837-00F8FCB8E80E}"
EndProject
Project("{FAE04EC0-301F-11D3-BF4B-00C04F79EFBC}") = "Shared", "Shared\Shared.csproj", "{948A87EB-A931-414E-A351-6338367D4231}"
EndProject
Global
	GlobalSection(SolutionConfigurationPlatforms) = preSolution
		Debug|Any CPU = Debug|Any CPU
		Release|Any CPU = Release|Any CPU
	EndGlobalSection
	GlobalSection(ProjectConfigurationPlatforms) = postSolution
		{55B832EC-E6EA-4128-89BA-FC7807B85E17}.Debug|Any CPU.ActiveCfg = Debug|Any CPU
		{55B832EC-E6EA-4128-89BA-FC7807B85E17}.Debug|Any CPU.Build.0 = Debug|Any CPU
		{55B832EC-E6EA-4128-89BA-FC7807B85E17}.Debug|Any CPU.Deploy.0 = Debug|Any CPU
		{55B832EC-E6EA-4128-89BA-FC7807B85E17}.Release|Any CPU.ActiveCfg = Release|Any CPU
		{55B832EC-E6EA-4128-89BA-FC7807B85E17}.Release|Any CPU.Build.0 = Release|Any CPU
		{55B832EC-E6EA-4128-89BA-FC7807B85E17}.Release|Any CPU.Deploy.0 = Release|Any CPU
		{6BB37A6B-B95C-4153-BF03-66C5EC7109DE}.Debug|Any CPU.ActiveCfg = Debug|Any CPU
		{6BB37A6B-B95C-4153-BF03-66C5EC7109DE}.Debug|Any CPU.Build.0 = Debug|Any CPU
		{6BB37A6B-B95C-4153-BF03-66C5EC7109DE}.Release|Any CPU.ActiveCfg = Release|Any CPU
		{6BB37A6B-B95C-4153-BF03-66C5EC7109DE}.Release|Any CPU.Build.0 = Release|Any CPU
		{8F2D8B77-84E2-4563-A837-00F8FCB8E80E}.Debug|Any CPU.ActiveCfg = Debug|Any CPU
		{8F2D8B77-84E2-4563-A837-00F8FCB8E80E}.Debug|Any CPU.Build.0 = Debug|Any CPU
		{8F2D8B77-84E2-4563-A837-00F8FCB8E80E}.Release|Any CPU.ActiveCfg = Release|Any CPU
		{8F2D8B77-84E2-4563-A837-00F8FCB8E80E}.Release|Any CPU.Build.0 = Release|Any CPU
		{948A87EB-A931-414E-A351-6338367D4231}.Debug|Any CPU.ActiveCfg = Debug|Any CPU
		{948A87EB-A931-414E-A351-6338367D4231}.Debug|Any CPU.Build.0 = Debug|Any CPU
		{948A87EB-A931-414E-A351-6338367D4231}.Release|Any CPU.ActiveCfg = Release|Any CPU
		{948A87EB-A931-414E-A351-6338367D4231}.Release|Any CPU.Build.0 = Release|Any CPU
	EndGlobalSection
	GlobalSection(SolutionProperties) = preSolution
		HideSolutionNode = FALSE
	EndGlobalSection
	GlobalSection(ExtensibilityGlobals) = postSolution
		SolutionGuid = {A1DFBE05-C883-4152-B18D-A9B1D8120404}
	EndGlobalSection
EndGlobal
