
Microsoft Visual Studio Solution File, Format Version 12.00
# Visual Studio Version 16
VisualStudioVersion = 16.0.29806.167
MinimumVisualStudioVersion = 10.0.40219.1
Project("{9A19103F-16F7-4668-BE54-9A1E7A4F7556}") = "DAL.LinqToDb", "DAL.LinqToDb\DAL.LinqToDb.csproj", "{CA524F40-CADD-45D4-828A-D61C16706F68}"
EndProject
Project("{9A19103F-16F7-4668-BE54-9A1E7A4F7556}") = "DAL.LinqToDb.Demonstration", "DAL.LinqToDb.Demonstration\DAL.LinqToDb.Demonstration.csproj", "{6A736FFD-1883-41B3-A103-EC2E1C9A204D}"
EndProject
Project("{FAE04EC0-301F-11D3-BF4B-00C04F79EFBC}") = "DAL.EntityFramework", "DAL.EntityFramework\DAL.EntityFramework.csproj", "{B8696200-C43E-4CF3-8A99-2C0EC36E92AB}"
EndProject
Project("{FAE04EC0-301F-11D3-BF4B-00C04F79EFBC}") = "DAL.EntityFramework.Demonstration", "DAL.EntityFramework.Demonstration\DAL.EntityFramework.Demonstration.csproj", "{FC6A007C-B6FC-42A2-88F3-792A70D40DA4}"
EndProject
Global
	GlobalSection(SolutionConfigurationPlatforms) = preSolution
		Debug|Any CPU = Debug|Any CPU
		Release|Any CPU = Release|Any CPU
	EndGlobalSection
	GlobalSection(ProjectConfigurationPlatforms) = postSolution
		{CA524F40-CADD-45D4-828A-D61C16706F68}.Debug|Any CPU.ActiveCfg = Debug|Any CPU
		{CA524F40-CADD-45D4-828A-D61C16706F68}.Debug|Any CPU.Build.0 = Debug|Any CPU
		{CA524F40-CADD-45D4-828A-D61C16706F68}.Release|Any CPU.ActiveCfg = Release|Any CPU
		{CA524F40-CADD-45D4-828A-D61C16706F68}.Release|Any CPU.Build.0 = Release|Any CPU
		{6A736FFD-1883-41B3-A103-EC2E1C9A204D}.Debug|Any CPU.ActiveCfg = Debug|Any CPU
		{6A736FFD-1883-41B3-A103-EC2E1C9A204D}.Debug|Any CPU.Build.0 = Debug|Any CPU
		{6A736FFD-1883-41B3-A103-EC2E1C9A204D}.Release|Any CPU.ActiveCfg = Release|Any CPU
		{6A736FFD-1883-41B3-A103-EC2E1C9A204D}.Release|Any CPU.Build.0 = Release|Any CPU
		{B8696200-C43E-4CF3-8A99-2C0EC36E92AB}.Debug|Any CPU.ActiveCfg = Debug|Any CPU
		{B8696200-C43E-4CF3-8A99-2C0EC36E92AB}.Debug|Any CPU.Build.0 = Debug|Any CPU
		{B8696200-C43E-4CF3-8A99-2C0EC36E92AB}.Release|Any CPU.ActiveCfg = Release|Any CPU
		{B8696200-C43E-4CF3-8A99-2C0EC36E92AB}.Release|Any CPU.Build.0 = Release|Any CPU
		{FC6A007C-B6FC-42A2-88F3-792A70D40DA4}.Debug|Any CPU.ActiveCfg = Debug|Any CPU
		{FC6A007C-B6FC-42A2-88F3-792A70D40DA4}.Debug|Any CPU.Build.0 = Debug|Any CPU
		{FC6A007C-B6FC-42A2-88F3-792A70D40DA4}.Release|Any CPU.ActiveCfg = Release|Any CPU
		{FC6A007C-B6FC-42A2-88F3-792A70D40DA4}.Release|Any CPU.Build.0 = Release|Any CPU
	EndGlobalSection
	GlobalSection(SolutionProperties) = preSolution
		HideSolutionNode = FALSE
	EndGlobalSection
	GlobalSection(ExtensibilityGlobals) = postSolution
		SolutionGuid = {72CE5091-1599-40BC-90A9-E2C4AC0008DE}
	EndGlobalSection
EndGlobal
